// !$*UTF8*$!
{
	archiveVersion = 1;
	classes = {
	};
	objectVersion = 52;
	objects = {

/* Begin PBXBuildFile section */
		7875F75B238B94380037334E /* AppDelegate.swift in Sources */ = {isa = PBXBuildFile; fileRef = 7875F75A238B94380037334E /* AppDelegate.swift */; };
		7875F75D238B94380037334E /* SceneDelegate.swift in Sources */ = {isa = PBXBuildFile; fileRef = 7875F75C238B94380037334E /* SceneDelegate.swift */; };
		7875F75F238B94380037334E /* ContentView.swift in Sources */ = {isa = PBXBuildFile; fileRef = 7875F75E238B94380037334E /* ContentView.swift */; };
		7875F761238B943A0037334E /* Assets.xcassets in Resources */ = {isa = PBXBuildFile; fileRef = 7875F760238B943A0037334E /* Assets.xcassets */; };
		7875F764238B943A0037334E /* Preview Assets.xcassets in Resources */ = {isa = PBXBuildFile; fileRef = 7875F763238B943A0037334E /* Preview Assets.xcassets */; };
		7875F767238B943A0037334E /* LaunchScreen.storyboard in Resources */ = {isa = PBXBuildFile; fileRef = 7875F765238B943A0037334E /* LaunchScreen.storyboard */; };
		7875F770238B95A90037334E /* MainController.swift in Sources */ = {isa = PBXBuildFile; fileRef = 7875F76F238B95A90037334E /* MainController.swift */; };
		7875F773238CE8EC0037334E /* LBTATools in Frameworks */ = {isa = PBXBuildFile; productRef = 7875F772238CE8EC0037334E /* LBTATools */; };
/* End PBXBuildFile section */

/* Begin PBXFileReference section */
		7875F757238B94380037334E /* MapsDirectionsGooglePlaces.app */ = {isa = PBXFileReference; explicitFileType = wrapper.application; includeInIndex = 0; path = MapsDirectionsGooglePlaces.app; sourceTree = BUILT_PRODUCTS_DIR; };
		7875F75A238B94380037334E /* AppDelegate.swift */ = {isa = PBXFileReference; lastKnownFileType = sourcecode.swift; path = AppDelegate.swift; sourceTree = "<group>"; };
		7875F75C238B94380037334E /* SceneDelegate.swift */ = {isa = PBXFileReference; lastKnownFileType = sourcecode.swift; path = SceneDelegate.swift; sourceTree = "<group>"; };
		7875F75E238B94380037334E /* ContentView.swift */ = {isa = PBXFileReference; lastKnownFileType = sourcecode.swift; path = ContentView.swift; sourceTree = "<group>"; };
		7875F760238B943A0037334E /* Assets.xcassets */ = {isa = PBXFileReference; lastKnownFileType = folder.assetcatalog; path = Assets.xcassets; sourceTree = "<group>"; };
		7875F763238B943A0037334E /* Preview Assets.xcassets */ = {isa = PBXFileReference; lastKnownFileType = folder.assetcatalog; path = "Preview Assets.xcassets"; sourceTree = "<group>"; };
		7875F766238B943A0037334E /* Base */ = {isa = PBXFileReference; lastKnownFileType = file.storyboard; name = Base; path = Base.lproj/LaunchScreen.storyboard; sourceTree = "<group>"; };
		7875F768238B943A0037334E /* Info.plist */ = {isa = PBXFileReference; lastKnownFileType = text.plist.xml; path = Info.plist; sourceTree = "<group>"; };
		7875F76F238B95A90037334E /* MainController.swift */ = {isa = PBXFileReference; lastKnownFileType = sourcecode.swift; path = MainController.swift; sourceTree = "<group>"; };
/* End PBXFileReference section */

/* Begin PBXFrameworksBuildPhase section */
		7875F754238B94380037334E /* Frameworks */ = {
			isa = PBXFrameworksBuildPhase;
			buildActionMask = 2147483647;
			files = (
				7875F773238CE8EC0037334E /* LBTATools in Frameworks */,
			);
			runOnlyForDeploymentPostprocessing = 0;
		};
/* End PBXFrameworksBuildPhase section */

/* Begin PBXGroup section */
		7875F74E238B94380037334E = {
			isa = PBXGroup;
			children = (
				7875F759238B94380037334E /* MapsDirectionsGooglePlaces */,
				7875F758238B94380037334E /* Products */,
			);
			sourceTree = "<group>";
		};
		7875F758238B94380037334E /* Products */ = {
			isa = PBXGroup;
			children = (
				7875F757238B94380037334E /* MapsDirectionsGooglePlaces.app */,
			);
			name = Products;
			sourceTree = "<group>";
		};
		7875F759238B94380037334E /* MapsDirectionsGooglePlaces */ = {
			isa = PBXGroup;
			children = (
				7875F76E238B95980037334E /* Main */,
				7875F75A238B94380037334E /* AppDelegate.swift */,
				7875F75C238B94380037334E /* SceneDelegate.swift */,
				7875F75E238B94380037334E /* ContentView.swift */,
				7875F760238B943A0037334E /* Assets.xcassets */,
				7875F765238B943A0037334E /* LaunchScreen.storyboard */,
				7875F768238B943A0037334E /* Info.plist */,
				7875F762238B943A0037334E /* Preview Content */,
			);
			path = MapsDirectionsGooglePlaces;
			sourceTree = "<group>";
		};
		7875F762238B943A0037334E /* Preview Content */ = {
			isa = PBXGroup;
			children = (
				7875F763238B943A0037334E /* Preview Assets.xcassets */,
			);
			path = "Preview Content";
			sourceTree = "<group>";
		};
		7875F76E238B95980037334E /* Main */ = {
			isa = PBXGroup;
			children = (
				7875F76F238B95A90037334E /* MainController.swift */,
			);
			path = Main;
			sourceTree = "<group>";
		};
/* End PBXGroup section */

/* Begin PBXNativeTarget section */
		7875F756238B94380037334E /* MapsDirectionsGooglePlaces */ = {
			isa = PBXNativeTarget;
			buildConfigurationList = 7875F76B238B943A0037334E /* Build configuration list for PBXNativeTarget "MapsDirectionsGooglePlaces" */;
			buildPhases = (
				7875F753238B94380037334E /* Sources */,
				7875F754238B94380037334E /* Frameworks */,
				7875F755238B94380037334E /* Resources */,
			);
			buildRules = (
			);
			dependencies = (
			);
			name = MapsDirectionsGooglePlaces;
			packageProductDependencies = (
				7875F772238CE8EC0037334E /* LBTATools */,
			);
			productName = MapsDirectionsGooglePlaces;
			productReference = 7875F757238B94380037334E /* MapsDirectionsGooglePlaces.app */;
			productType = "com.apple.product-type.application";
		};
/* End PBXNativeTarget section */

/* Begin PBXProject section */
		7875F74F238B94380037334E /* Project object */ = {
			isa = PBXProject;
			attributes = {
				LastSwiftUpdateCheck = 1120;
				LastUpgradeCheck = 1120;
				ORGANIZATIONNAME = "BOTAO LI";
				TargetAttributes = {
					7875F756238B94380037334E = {
						CreatedOnToolsVersion = 11.2.1;
					};
				};
			};
			buildConfigurationList = 7875F752238B94380037334E /* Build configuration list for PBXProject "MapsDirectionsGooglePlaces" */;
			compatibilityVersion = "Xcode 9.3";
			developmentRegion = en;
			hasScannedForEncodings = 0;
			knownRegions = (
				en,
				Base,
			);
			mainGroup = 7875F74E238B94380037334E;
			packageReferences = (
				7875F771238CE8EC0037334E /* XCRemoteSwiftPackageReference "LBTATools" */,
			);
			productRefGroup = 7875F758238B94380037334E /* Products */;
			projectDirPath = "";
			projectRoot = "";
			targets = (
				7875F756238B94380037334E /* MapsDirectionsGooglePlaces */,
			);
		};
/* End PBXProject section */

/* Begin PBXResourcesBuildPhase section */
		7875F755238B94380037334E /* Resources */ = {
			isa = PBXResourcesBuildPhase;
			buildActionMask = 2147483647;
			files = (
				7875F767238B943A0037334E /* LaunchScreen.storyboard in Resources */,
				7875F764238B943A0037334E /* Preview Assets.xcassets in Resources */,
				7875F761238B943A0037334E /* Assets.xcassets in Resources */,
			);
			runOnlyForDeploymentPostprocessing = 0;
		};
/* End PBXResourcesBuildPhase section */

/* Begin PBXSourcesBuildPhase section */
		7875F753238B94380037334E /* Sources */ = {
			isa = PBXSourcesBuildPhase;
			buildActionMask = 2147483647;
			files = (
				7875F770238B95A90037334E /* MainController.swift in Sources */,
				7875F75B238B94380037334E /* AppDelegate.swift in Sources */,
				7875F75D238B94380037334E /* SceneDelegate.swift in Sources */,
				7875F75F238B94380037334E /* ContentView.swift in Sources */,
			);
			runOnlyForDeploymentPostprocessing = 0;
		};
/* End PBXSourcesBuildPhase section */

/* Begin PBXVariantGroup section */
		7875F765238B943A0037334E /* LaunchScreen.storyboard */ = {
			isa = PBXVariantGroup;
			children = (
				7875F766238B943A0037334E /* Base */,
			);
			name = LaunchScreen.storyboard;
			sourceTree = "<group>";
		};
/* End PBXVariantGroup section */

/* Begin XCBuildConfiguration section */
		7875F769238B943A0037334E /* Debug */ = {
			isa = XCBuildConfiguration;
			buildSettings = {
				ALWAYS_SEARCH_USER_PATHS = NO;
				CLANG_ANALYZER_NONNULL = YES;
				CLANG_ANALYZER_NUMBER_OBJECT_CONVERSION = YES_AGGRESSIVE;
				CLANG_CXX_LANGUAGE_STANDARD = "gnu++14";
				CLANG_CXX_LIBRARY = "libc++";
				CLANG_ENABLE_MODULES = YES;
				CLANG_ENABLE_OBJC_ARC = YES;
				CLANG_ENABLE_OBJC_WEAK = YES;
				CLANG_WARN_BLOCK_CAPTURE_AUTORELEASING = YES;
				CLANG_WARN_BOOL_CONVERSION = YES;
				CLANG_WARN_COMMA = YES;
				CLANG_WARN_CONSTANT_CONVERSION = YES;
				CLANG_WARN_DEPRECATED_OBJC_IMPLEMENTATIONS = YES;
				CLANG_WARN_DIRECT_OBJC_ISA_USAGE = YES_ERROR;
				CLANG_WARN_DOCUMENTATION_COMMENTS = YES;
				CLANG_WARN_EMPTY_BODY = YES;
				CLANG_WARN_ENUM_CONVERSION = YES;
				CLANG_WARN_INFINITE_RECURSION = YES;
				CLANG_WARN_INT_CONVERSION = YES;
				CLANG_WARN_NON_LITERAL_NULL_CONVERSION = YES;
				CLANG_WARN_OBJC_IMPLICIT_RETAIN_SELF = YES;
				CLANG_WARN_OBJC_LITERAL_CONVERSION = YES;
				CLANG_WARN_OBJC_ROOT_CLASS = YES_ERROR;
				CLANG_WARN_RANGE_LOOP_ANALYSIS = YES;
				CLANG_WARN_STRICT_PROTOTYPES = YES;
				CLANG_WARN_SUSPICIOUS_MOVE = YES;
				CLANG_WARN_UNGUARDED_AVAILABILITY = YES_AGGRESSIVE;
				CLANG_WARN_UNREACHABLE_CODE = YES;
				CLANG_WARN__DUPLICATE_METHOD_MATCH = YES;
				COPY_PHASE_STRIP = NO;
				DEBUG_INFORMATION_FORMAT = dwarf;
				ENABLE_STRICT_OBJC_MSGSEND = YES;
				ENABLE_TESTABILITY = YES;
				GCC_C_LANGUAGE_STANDARD = gnu11;
				GCC_DYNAMIC_NO_PIC = NO;
				GCC_NO_COMMON_BLOCKS = YES;
				GCC_OPTIMIZATION_LEVEL = 0;
				GCC_PREPROCESSOR_DEFINITIONS = (
					"DEBUG=1",
					"$(inherited)",
				);
				GCC_WARN_64_TO_32_BIT_CONVERSION = YES;
				GCC_WARN_ABOUT_RETURN_TYPE = YES_ERROR;
				GCC_WARN_UNDECLARED_SELECTOR = YES;
				GCC_WARN_UNINITIALIZED_AUTOS = YES_AGGRESSIVE;
				GCC_WARN_UNUSED_FUNCTION = YES;
				GCC_WARN_UNUSED_VARIABLE = YES;
				IPHONEOS_DEPLOYMENT_TARGET = 13.2;
				MTL_ENABLE_DEBUG_INFO = INCLUDE_SOURCE;
				MTL_FAST_MATH = YES;
				ONLY_ACTIVE_ARCH = YES;
				SDKROOT = iphoneos;
				SWIFT_ACTIVE_COMPILATION_CONDITIONS = DEBUG;
				SWIFT_OPTIMIZATION_LEVEL = "-Onone";
			};
			name = Debug;
		};
		7875F76A238B943A0037334E /* Release */ = {
			isa = XCBuildConfiguration;
			buildSettings = {
				ALWAYS_SEARCH_USER_PATHS = NO;
				CLANG_ANALYZER_NONNULL = YES;
				CLANG_ANALYZER_NUMBER_OBJECT_CONVERSION = YES_AGGRESSIVE;
				CLANG_CXX_LANGUAGE_STANDARD = "gnu++14";
				CLANG_CXX_LIBRARY = "libc++";
				CLANG_ENABLE_MODULES = YES;
				CLANG_ENABLE_OBJC_ARC = YES;
				CLANG_ENABLE_OBJC_WEAK = YES;
				CLANG_WARN_BLOCK_CAPTURE_AUTORELEASING = YES;
				CLANG_WARN_BOOL_CONVERSION = YES;
				CLANG_WARN_COMMA = YES;
				CLANG_WARN_CONSTANT_CONVERSION = YES;
				CLANG_WARN_DEPRECATED_OBJC_IMPLEMENTATIONS = YES;
				CLANG_WARN_DIRECT_OBJC_ISA_USAGE = YES_ERROR;
				CLANG_WARN_DOCUMENTATION_COMMENTS = YES;
				CLANG_WARN_EMPTY_BODY = YES;
				CLANG_WARN_ENUM_CONVERSION = YES;
				CLANG_WARN_INFINITE_RECURSION = YES;
				CLANG_WARN_INT_CONVERSION = YES;
				CLANG_WARN_NON_LITERAL_NULL_CONVERSION = YES;
				CLANG_WARN_OBJC_IMPLICIT_RETAIN_SELF = YES;
				CLANG_WARN_OBJC_LITERAL_CONVERSION = YES;
				CLANG_WARN_OBJC_ROOT_CLASS = YES_ERROR;
				CLANG_WARN_RANGE_LOOP_ANALYSIS = YES;
				CLANG_WARN_STRICT_PROTOTYPES = YES;
				CLANG_WARN_SUSPICIOUS_MOVE = YES;
				CLANG_WARN_UNGUARDED_AVAILABILITY = YES_AGGRESSIVE;
				CLANG_WARN_UNREACHABLE_CODE = YES;
				CLANG_WARN__DUPLICATE_METHOD_MATCH = YES;
				COPY_PHASE_STRIP = NO;
				DEBUG_INFORMATION_FORMAT = "dwarf-with-dsym";
				ENABLE_NS_ASSERTIONS = NO;
				ENABLE_STRICT_OBJC_MSGSEND = YES;
				GCC_C_LANGUAGE_STANDARD = gnu11;
				GCC_NO_COMMON_BLOCKS = YES;
				GCC_WARN_64_TO_32_BIT_CONVERSION = YES;
				GCC_WARN_ABOUT_RETURN_TYPE = YES_ERROR;
				GCC_WARN_UNDECLARED_SELECTOR = YES;
				GCC_WARN_UNINITIALIZED_AUTOS = YES_AGGRESSIVE;
				GCC_WARN_UNUSED_FUNCTION = YES;
				GCC_WARN_UNUSED_VARIABLE = YES;
				IPHONEOS_DEPLOYMENT_TARGET = 13.2;
				MTL_ENABLE_DEBUG_INFO = NO;
				MTL_FAST_MATH = YES;
				SDKROOT = iphoneos;
				SWIFT_COMPILATION_MODE = wholemodule;
				SWIFT_OPTIMIZATION_LEVEL = "-O";
				VALIDATE_PRODUCT = YES;
			};
			name = Release;
		};
		7875F76C238B943A0037334E /* Debug */ = {
			isa = XCBuildConfiguration;
			buildSettings = {
				ASSETCATALOG_COMPILER_APPICON_NAME = AppIcon;
				CODE_SIGN_STYLE = Automatic;
				DEVELOPMENT_ASSET_PATHS = "\"MapsDirectionsGooglePlaces/Preview Content\"";
				DEVELOPMENT_TEAM = 85NX8D37Y4;
				ENABLE_PREVIEWS = YES;
				INFOPLIST_FILE = MapsDirectionsGooglePlaces/Info.plist;
				LD_RUNPATH_SEARCH_PATHS = (
					"$(inherited)",
					"@executable_path/Frameworks",
				);
				PRODUCT_BUNDLE_IDENTIFIER = com.botaoli.MapsDirectionsGooglePlaces;
				PRODUCT_NAME = "$(TARGET_NAME)";
				SWIFT_VERSION = 5.0;
				TARGETED_DEVICE_FAMILY = "1,2";
			};
			name = Debug;
		};
		7875F76D238B943A0037334E /* Release */ = {
			isa = XCBuildConfiguration;
			buildSettings = {
				ASSETCATALOG_COMPILER_APPICON_NAME = AppIcon;
				CODE_SIGN_STYLE = Automatic;
				DEVELOPMENT_ASSET_PATHS = "\"MapsDirectionsGooglePlaces/Preview Content\"";
				DEVELOPMENT_TEAM = 85NX8D37Y4;
				ENABLE_PREVIEWS = YES;
				INFOPLIST_FILE = MapsDirectionsGooglePlaces/Info.plist;
				LD_RUNPATH_SEARCH_PATHS = (
					"$(inherited)",
					"@executable_path/Frameworks",
				);
				PRODUCT_BUNDLE_IDENTIFIER = com.botaoli.MapsDirectionsGooglePlaces;
				PRODUCT_NAME = "$(TARGET_NAME)";
				SWIFT_VERSION = 5.0;
				TARGETED_DEVICE_FAMILY = "1,2";
			};
			name = Release;
		};
/* End XCBuildConfiguration section */

/* Begin XCConfigurationList section */
		7875F752238B94380037334E /* Build configuration list for PBXProject "MapsDirectionsGooglePlaces" */ = {
			isa = XCConfigurationList;
			buildConfigurations = (
				7875F769238B943A0037334E /* Debug */,
				7875F76A238B943A0037334E /* Release */,
			);
			defaultConfigurationIsVisible = 0;
			defaultConfigurationName = Release;
		};
		7875F76B238B943A0037334E /* Build configuration list for PBXNativeTarget "MapsDirectionsGooglePlaces" */ = {
			isa = XCConfigurationList;
			buildConfigurations = (
				7875F76C238B943A0037334E /* Debug */,
				7875F76D238B943A0037334E /* Release */,
			);
			defaultConfigurationIsVisible = 0;
			defaultConfigurationName = Release;
		};
/* End XCConfigurationList section */

/* Begin XCRemoteSwiftPackageReference section */
		7875F771238CE8EC0037334E /* XCRemoteSwiftPackageReference "LBTATools" */ = {
			isa = XCRemoteSwiftPackageReference;
			repositoryURL = "https://github.com/bhlvoong/LBTATools.git";
			requirement = {
				kind = upToNextMajorVersion;
				minimumVersion = 1.0.15;
			};
		};
/* End XCRemoteSwiftPackageReference section */

/* Begin XCSwiftPackageProductDependency section */
		7875F772238CE8EC0037334E /* LBTATools */ = {
			isa = XCSwiftPackageProductDependency;
			package = 7875F771238CE8EC0037334E /* XCRemoteSwiftPackageReference "LBTATools" */;
			productName = LBTATools;
		};
/* End XCSwiftPackageProductDependency section */
	};
	rootObject = 7875F74F238B94380037334E /* Project object */;
}
